
Microsoft Visual Studio Solution File, Format Version 11.00
# Visual Studio 2010
Project("{FAE04EC0-301F-11D3-BF4B-00C04F79EFBC}") = "HackThat", "Assembly-CSharp.csproj", "{140D4139-1DF2-2BB7-CBA9-D186B22C9590}"
EndProject
Global
	GlobalSection(SolutionConfigurationPlatforms) = preSolution
		Debug|Any CPU = Debug|Any CPU
		Release|Any CPU = Release|Any CPU
	EndGlobalSection
	GlobalSection(ProjectConfigurationPlatforms) = postSolution
		{140D4139-1DF2-2BB7-CBA9-D186B22C9590}.Debug|Any CPU.ActiveCfg = Debug|Any CPU
		{140D4139-1DF2-2BB7-CBA9-D186B22C9590}.Debug|Any CPU.Build.0 = Debug|Any CPU
		{140D4139-1DF2-2BB7-CBA9-D186B22C9590}.Release|Any CPU.ActiveCfg = Release|Any CPU
		{140D4139-1DF2-2BB7-CBA9-D186B22C9590}.Release|Any CPU.Build.0 = Release|Any CPU
	EndGlobalSection
	GlobalSection(SolutionProperties) = preSolution
		HideSolutionNode = FALSE
	EndGlobalSection
	GlobalSection(MonoDevelopProperties) = preSolution
		StartupItem = Assembly-CSharp.csproj
	EndGlobalSection
EndGlobal
